
Microsoft Visual Studio Solution File, Format Version 12.00
# Visual Studio 2013
VisualStudioVersion = 12.0.40629.0
MinimumVisualStudioVersion = 10.0.40219.1
Project("{A7D35FCC-7F27-48D4-B124-878CBB03FE15}") = "Polished Map", "polished-map.vcxproj", "{DCBF2AA4-7CB4-46B8-92B4-916E40E15BD8}"
EndProject
Global
	GlobalSection(SolutionConfigurationPlatforms) = preSolution
		Debug|Win32 = Debug|Win32
		Release|Win32 = Release|Win32
	EndGlobalSection
	GlobalSection(ProjectConfigurationPlatforms) = postSolution
		{DCBF2AA4-7CB4-46B8-92B4-916E40E15BD8}.Debug|Win32.ActiveCfg = Debug|Win32
		{DCBF2AA4-7CB4-46B8-92B4-916E40E15BD8}.Debug|Win32.Build.0 = Debug|Win32
		{DCBF2AA4-7CB4-46B8-92B4-916E40E15BD8}.Release|Win32.ActiveCfg = Release|Win32
		{DCBF2AA4-7CB4-46B8-92B4-916E40E15BD8}.Release|Win32.Build.0 = Release|Win32
	EndGlobalSection
	GlobalSection(SolutionProperties) = preSolution
		HideSolutionNode = FALSE
	EndGlobalSection
EndGlobal
