
Microsoft Visual Studio Solution File, Format Version 12.00
# Visual Studio 2013
VisualStudioVersion = 12.0.40629.0
MinimumVisualStudioVersion = 10.0.40219.1
Project("{A7D35FCC-7F27-48D4-B124-878CBB03FE15}") = "Polished Map", "polished-map.vcxproj", "{DCBF2AA4-7CB4-46B8-92B4-916E40E15BD8}"
EndProject
Global
	GlobalSection(SolutionConfigurationPlatforms) = preSolution
		Debug|x64 = Debug|x64
		Release|x64 = Release|x64
	EndGlobalSection
	GlobalSection(ProjectConfigurationPlatforms) = postSolution
		{DCBF2AA4-7CB4-46B8-92B4-916E40E15BD8}.Debug|x64.ActiveCfg = Debug|x64
		{DCBF2AA4-7CB4-46B8-92B4-916E40E15BD8}.Debug|x64.Build.0 = Debug|x64
		{DCBF2AA4-7CB4-46B8-92B4-916E40E15BD8}.Release|x64.ActiveCfg = Release|x64
		{DCBF2AA4-7CB4-46B8-92B4-916E40E15BD8}.Release|x64.Build.0 = Release|x64
	EndGlobalSection
	GlobalSection(SolutionProperties) = preSolution
		HideSolutionNode = FALSE
	EndGlobalSection
EndGlobal
